<?xml version="1.0" encoding="UTF-8" standalone="yes" ?>
<CodeBlocks_project_file>
	<FileVersion major="1" minor="6" />
	<Project>
		<Option title="DM1" />
		<Option pch_mode="2" />
		<Option compiler="gcc" />
		<Build>
			<Target title="Debug">
				<Option output="bin/Debug/DM1" prefix_auto="1" extension_auto="1" />
				<Option object_output="obj/Debug/" />
				<Option type="1" />
				<Option compiler="gcc" />
				<Compiler>
					<Add option="-g" />
				</Compiler>
			</Target>
			<Target title="Release">
				<Option output="bin/Release/DM1" prefix_auto="1" extension_auto="1" />
				<Option object_output="obj/Release/" />
				<Option type="1" />
				<Option compiler="gcc" />
				<Compiler>
					<Add option="-O2" />
				</Compiler>
				<Linker>
					<Add option="-s" />
				</Linker>
			</Target>
		</Build>
		<Compiler>
			<Add option="-Wall" />
			<Add option="-fexceptions" />
		</Compiler>
		<Unit filename="bisection.cpp" />
		<Unit filename="bisection.hpp" />
		<Unit filename="class_root_finding.cpp" />
		<Unit filename="class_root_finding.hpp" />
		<Unit filename="main.cpp" />
		<Unit filename="main_bisection.cpp" />
		<Unit filename="main_class_root_finding.cpp" />
		<Unit filename="main_newton.cpp" />
		<Unit filename="newton.cpp" />
		<Unit filename="newton.hpp" />
		<Extensions />
	</Project>
</CodeBlocks_project_file>
